// !$*UTF8*$!
{
	archiveVersion = 1;
	classes = {
	};
	objectVersion = 46;
	objects = {

/* Begin PBXBuildFile section */
		0C4ACE878B558D300C83B94E /* Pods_PetPal.framework in Frameworks */ = {isa = PBXBuildFile; fileRef = 4A160AF67740E2B4AF34C905 /* Pods_PetPal.framework */; };
		992D9C651EB3D90C00668001 /* PetPalAPIClient.swift in Sources */ = {isa = PBXBuildFile; fileRef = 992D9C641EB3D90C00668001 /* PetPalAPIClient.swift */; };
		992D9C681EB3D9FF00668001 /* User.swift in Sources */ = {isa = PBXBuildFile; fileRef = 992D9C671EB3D9FF00668001 /* User.swift */; };
		992D9C6A1EB3EAD700668001 /* SignUpViewController.swift in Sources */ = {isa = PBXBuildFile; fileRef = 992D9C691EB3EAD700668001 /* SignUpViewController.swift */; };
		994255411EB66DDC0039BE4B /* Profile.storyboard in Resources */ = {isa = PBXBuildFile; fileRef = 9942553F1EB66DDC0039BE4B /* Profile.storyboard */; };
		994255421EB66DDC0039BE4B /* ProfileViewController.swift in Sources */ = {isa = PBXBuildFile; fileRef = 994255401EB66DDC0039BE4B /* ProfileViewController.swift */; };
		99D74BC41EB7EFA100CAB24C /* UITextField.swift in Sources */ = {isa = PBXBuildFile; fileRef = 99D74BC31EB7EFA100CAB24C /* UITextField.swift */; };
		99F9DAA01EAC016B00878886 /* AppDelegate.swift in Sources */ = {isa = PBXBuildFile; fileRef = 99F9DA9F1EAC016B00878886 /* AppDelegate.swift */; };
		99F9DAA71EAC016B00878886 /* Assets.xcassets in Resources */ = {isa = PBXBuildFile; fileRef = 99F9DAA61EAC016B00878886 /* Assets.xcassets */; };
		99F9DAAA1EAC016B00878886 /* LaunchScreen.storyboard in Resources */ = {isa = PBXBuildFile; fileRef = 99F9DAA81EAC016B00878886 /* LaunchScreen.storyboard */; };
		A50A9C291EBCF81B000A1394 /* MessagesViewController.swift in Sources */ = {isa = PBXBuildFile; fileRef = A50A9C281EBCF81B000A1394 /* MessagesViewController.swift */; };
		A50A9C2B1EBD289B000A1394 /* Messages.swift in Sources */ = {isa = PBXBuildFile; fileRef = A50A9C2A1EBD289B000A1394 /* Messages.swift */; };
		A50A9C2D1EBD36D7000A1394 /* MessagesCell.swift in Sources */ = {isa = PBXBuildFile; fileRef = A50A9C2C1EBD36D7000A1394 /* MessagesCell.swift */; };
		A5F9660A1EB1797A001D072B /* ChatViewController.swift in Sources */ = {isa = PBXBuildFile; fileRef = A5F966091EB1797A001D072B /* ChatViewController.swift */; };
		A5F966301EB292FF001D072B /* LoginViewController.swift in Sources */ = {isa = PBXBuildFile; fileRef = A5F9662F1EB292FF001D072B /* LoginViewController.swift */; };
		A5F966321EB46948001D072B /* WelcomeViewController.swift in Sources */ = {isa = PBXBuildFile; fileRef = A5F966311EB46948001D072B /* WelcomeViewController.swift */; };
		A5F966381EB5998B001D072B /* GroupViewController.swift in Sources */ = {isa = PBXBuildFile; fileRef = A5F966371EB5998B001D072B /* GroupViewController.swift */; };
		A5F9663A1EB59DE5001D072B /* Utilities.swift in Sources */ = {isa = PBXBuildFile; fileRef = A5F966391EB59DE5001D072B /* Utilities.swift */; };
		A5F9663E1EB66A63001D072B /* ChatCell.swift in Sources */ = {isa = PBXBuildFile; fileRef = A5F9663D1EB66A63001D072B /* ChatCell.swift */; };
		A5F966401EB90619001D072B /* NewGroupViewController.swift in Sources */ = {isa = PBXBuildFile; fileRef = A5F9663F1EB90619001D072B /* NewGroupViewController.swift */; };
		A5F966421EB92B3C001D072B /* Main.storyboard in Resources */ = {isa = PBXBuildFile; fileRef = A5F966411EB92B3C001D072B /* Main.storyboard */; };
		A5F966461EBA62E7001D072B /* nearbyGroupsViewController.swift in Sources */ = {isa = PBXBuildFile; fileRef = A5F966451EBA62E7001D072B /* nearbyGroupsViewController.swift */; };
		A5F966481EBA6324001D072B /* MapKit.framework in Frameworks */ = {isa = PBXBuildFile; fileRef = A5F966471EBA6324001D072B /* MapKit.framework */; };
		CEBA9AC81EB6FEFC00CB846C /* README.md in Sources */ = {isa = PBXBuildFile; fileRef = CEBA9AC71EB6FEFC00CB846C /* README.md */; };
		CEBA9ACA1EB702D000CB846C /* PetPalSprint1.gif in Resources */ = {isa = PBXBuildFile; fileRef = CEBA9AC91EB702D000CB846C /* PetPalSprint1.gif */; };
		CEBA9ACC1EB8F3F300CB846C /* MenuItemCollectionViewCell.swift in Sources */ = {isa = PBXBuildFile; fileRef = CEBA9ACB1EB8F3F300CB846C /* MenuItemCollectionViewCell.swift */; };
		CEBA9ACE1EBA636A00CB846C /* DateSelectViewController.swift in Sources */ = {isa = PBXBuildFile; fileRef = CEBA9ACD1EBA636A00CB846C /* DateSelectViewController.swift */; };
		CEBA9AD01EBA671700CB846C /* CustomDateCell.swift in Sources */ = {isa = PBXBuildFile; fileRef = CEBA9ACF1EBA671700CB846C /* CustomDateCell.swift */; };
		CEBA9AD41EBB074E00CB846C /* UIColor.swift in Sources */ = {isa = PBXBuildFile; fileRef = CEBA9AD31EBB074E00CB846C /* UIColor.swift */; };
		CEEC8B381EB1324100CC07C5 /* MenuViewController.swift in Sources */ = {isa = PBXBuildFile; fileRef = CEEC8B361EB1324100CC07C5 /* MenuViewController.swift */; };
		CEEC8B391EB1324100CC07C5 /* HamburgerViewController.swift in Sources */ = {isa = PBXBuildFile; fileRef = CEEC8B371EB1324100CC07C5 /* HamburgerViewController.swift */; };
		CEEC8B3B1EB138D600CC07C5 /* RequestsViewController.swift in Sources */ = {isa = PBXBuildFile; fileRef = CEEC8B3A1EB138D600CC07C5 /* RequestsViewController.swift */; };
		CEEC8B3D1EB2672300CC07C5 /* Request.storyboard in Resources */ = {isa = PBXBuildFile; fileRef = CEEC8B3C1EB2672300CC07C5 /* Request.storyboard */; };
		CEEC8B401EB2781000CC07C5 /* UIImageView.swift in Sources */ = {isa = PBXBuildFile; fileRef = CEEC8B3F1EB2781000CC07C5 /* UIImageView.swift */; };
		CEEC8B421EB2898100CC07C5 /* RequestDetailTableViewCell.swift in Sources */ = {isa = PBXBuildFile; fileRef = CEEC8B411EB2898100CC07C5 /* RequestDetailTableViewCell.swift */; };
		CEEC8B441EB28BAB00CC07C5 /* AddRequestViewController.swift in Sources */ = {isa = PBXBuildFile; fileRef = CEEC8B431EB28BAB00CC07C5 /* AddRequestViewController.swift */; };
		CEEC8B461EB296E200CC07C5 /* MultiSelectViewController.swift in Sources */ = {isa = PBXBuildFile; fileRef = CEEC8B451EB296E200CC07C5 /* MultiSelectViewController.swift */; };
		CEF1A2441EB4631700EBC0A4 /* Request.swift in Sources */ = {isa = PBXBuildFile; fileRef = CEF1A2431EB4631700EBC0A4 /* Request.swift */; };
		CEF1A2461EB4649000EBC0A4 /* Group.swift in Sources */ = {isa = PBXBuildFile; fileRef = CEF1A2451EB4649000EBC0A4 /* Group.swift */; };
/* End PBXBuildFile section */

/* Begin PBXFileReference section */
		4A160AF67740E2B4AF34C905 /* Pods_PetPal.framework */ = {isa = PBXFileReference; explicitFileType = wrapper.framework; includeInIndex = 0; path = Pods_PetPal.framework; sourceTree = BUILT_PRODUCTS_DIR; };
		95292EC65A459922D4166FF5 /* Pods-PetPal.release.xcconfig */ = {isa = PBXFileReference; includeInIndex = 1; lastKnownFileType = text.xcconfig; name = "Pods-PetPal.release.xcconfig"; path = "Pods/Target Support Files/Pods-PetPal/Pods-PetPal.release.xcconfig"; sourceTree = "<group>"; };
		992D9C641EB3D90C00668001 /* PetPalAPIClient.swift */ = {isa = PBXFileReference; fileEncoding = 4; lastKnownFileType = sourcecode.swift; path = PetPalAPIClient.swift; sourceTree = "<group>"; };
		992D9C671EB3D9FF00668001 /* User.swift */ = {isa = PBXFileReference; fileEncoding = 4; lastKnownFileType = sourcecode.swift; path = User.swift; sourceTree = "<group>"; };
		992D9C691EB3EAD700668001 /* SignUpViewController.swift */ = {isa = PBXFileReference; fileEncoding = 4; lastKnownFileType = sourcecode.swift; path = SignUpViewController.swift; sourceTree = "<group>"; };
		9942553F1EB66DDC0039BE4B /* Profile.storyboard */ = {isa = PBXFileReference; fileEncoding = 4; lastKnownFileType = file.storyboard; path = Profile.storyboard; sourceTree = "<group>"; };
		994255401EB66DDC0039BE4B /* ProfileViewController.swift */ = {isa = PBXFileReference; fileEncoding = 4; lastKnownFileType = sourcecode.swift; path = ProfileViewController.swift; sourceTree = "<group>"; };
		99D74BC31EB7EFA100CAB24C /* UITextField.swift */ = {isa = PBXFileReference; fileEncoding = 4; lastKnownFileType = sourcecode.swift; path = UITextField.swift; sourceTree = "<group>"; };
		99F9DA9C1EAC016B00878886 /* PetPal.app */ = {isa = PBXFileReference; explicitFileType = wrapper.application; includeInIndex = 0; path = PetPal.app; sourceTree = BUILT_PRODUCTS_DIR; };
		99F9DA9F1EAC016B00878886 /* AppDelegate.swift */ = {isa = PBXFileReference; lastKnownFileType = sourcecode.swift; path = AppDelegate.swift; sourceTree = "<group>"; };
		99F9DAA61EAC016B00878886 /* Assets.xcassets */ = {isa = PBXFileReference; lastKnownFileType = folder.assetcatalog; path = Assets.xcassets; sourceTree = "<group>"; };
		99F9DAA91EAC016B00878886 /* Base */ = {isa = PBXFileReference; lastKnownFileType = file.storyboard; name = Base; path = Base.lproj/LaunchScreen.storyboard; sourceTree = "<group>"; };
		99F9DAAB1EAC016B00878886 /* Info.plist */ = {isa = PBXFileReference; lastKnownFileType = text.plist.xml; path = Info.plist; sourceTree = "<group>"; };
		A50A9C281EBCF81B000A1394 /* MessagesViewController.swift */ = {isa = PBXFileReference; fileEncoding = 4; lastKnownFileType = sourcecode.swift; path = MessagesViewController.swift; sourceTree = "<group>"; };
		A50A9C2A1EBD289B000A1394 /* Messages.swift */ = {isa = PBXFileReference; fileEncoding = 4; lastKnownFileType = sourcecode.swift; path = Messages.swift; sourceTree = "<group>"; };
		A50A9C2C1EBD36D7000A1394 /* MessagesCell.swift */ = {isa = PBXFileReference; fileEncoding = 4; lastKnownFileType = sourcecode.swift; path = MessagesCell.swift; sourceTree = "<group>"; };
		A5F966091EB1797A001D072B /* ChatViewController.swift */ = {isa = PBXFileReference; fileEncoding = 4; lastKnownFileType = sourcecode.swift; path = ChatViewController.swift; sourceTree = "<group>"; };
		A5F9662F1EB292FF001D072B /* LoginViewController.swift */ = {isa = PBXFileReference; fileEncoding = 4; lastKnownFileType = sourcecode.swift; path = LoginViewController.swift; sourceTree = "<group>"; };
		A5F966311EB46948001D072B /* WelcomeViewController.swift */ = {isa = PBXFileReference; fileEncoding = 4; lastKnownFileType = sourcecode.swift; path = WelcomeViewController.swift; sourceTree = "<group>"; };
		A5F966371EB5998B001D072B /* GroupViewController.swift */ = {isa = PBXFileReference; fileEncoding = 4; lastKnownFileType = sourcecode.swift; path = GroupViewController.swift; sourceTree = "<group>"; };
		A5F966391EB59DE5001D072B /* Utilities.swift */ = {isa = PBXFileReference; fileEncoding = 4; lastKnownFileType = sourcecode.swift; path = Utilities.swift; sourceTree = "<group>"; };
		A5F9663D1EB66A63001D072B /* ChatCell.swift */ = {isa = PBXFileReference; fileEncoding = 4; lastKnownFileType = sourcecode.swift; path = ChatCell.swift; sourceTree = "<group>"; };
		A5F9663F1EB90619001D072B /* NewGroupViewController.swift */ = {isa = PBXFileReference; fileEncoding = 4; lastKnownFileType = sourcecode.swift; path = NewGroupViewController.swift; sourceTree = "<group>"; };
		A5F966411EB92B3C001D072B /* Main.storyboard */ = {isa = PBXFileReference; fileEncoding = 4; lastKnownFileType = file.storyboard; path = Main.storyboard; sourceTree = "<group>"; };
		A5F966451EBA62E7001D072B /* nearbyGroupsViewController.swift */ = {isa = PBXFileReference; fileEncoding = 4; lastKnownFileType = sourcecode.swift; path = nearbyGroupsViewController.swift; sourceTree = "<group>"; };
		A5F966471EBA6324001D072B /* MapKit.framework */ = {isa = PBXFileReference; lastKnownFileType = wrapper.framework; name = MapKit.framework; path = System/Library/Frameworks/MapKit.framework; sourceTree = SDKROOT; };
		CEBA9AC71EB6FEFC00CB846C /* README.md */ = {isa = PBXFileReference; fileEncoding = 4; lastKnownFileType = net.daringfireball.markdown; path = README.md; sourceTree = "<group>"; };
		CEBA9AC91EB702D000CB846C /* PetPalSprint1.gif */ = {isa = PBXFileReference; lastKnownFileType = image.gif; path = PetPalSprint1.gif; sourceTree = "<group>"; };
		CEBA9ACB1EB8F3F300CB846C /* MenuItemCollectionViewCell.swift */ = {isa = PBXFileReference; fileEncoding = 4; lastKnownFileType = sourcecode.swift; path = MenuItemCollectionViewCell.swift; sourceTree = "<group>"; };
		CEBA9ACD1EBA636A00CB846C /* DateSelectViewController.swift */ = {isa = PBXFileReference; fileEncoding = 4; lastKnownFileType = sourcecode.swift; path = DateSelectViewController.swift; sourceTree = "<group>"; };
		CEBA9ACF1EBA671700CB846C /* CustomDateCell.swift */ = {isa = PBXFileReference; fileEncoding = 4; lastKnownFileType = sourcecode.swift; path = CustomDateCell.swift; sourceTree = "<group>"; };
		CEBA9AD31EBB074E00CB846C /* UIColor.swift */ = {isa = PBXFileReference; fileEncoding = 4; lastKnownFileType = sourcecode.swift; path = UIColor.swift; sourceTree = "<group>"; };
		CEEC8B361EB1324100CC07C5 /* MenuViewController.swift */ = {isa = PBXFileReference; fileEncoding = 4; lastKnownFileType = sourcecode.swift; path = MenuViewController.swift; sourceTree = "<group>"; };
		CEEC8B371EB1324100CC07C5 /* HamburgerViewController.swift */ = {isa = PBXFileReference; fileEncoding = 4; lastKnownFileType = sourcecode.swift; path = HamburgerViewController.swift; sourceTree = "<group>"; };
		CEEC8B3A1EB138D600CC07C5 /* RequestsViewController.swift */ = {isa = PBXFileReference; fileEncoding = 4; lastKnownFileType = sourcecode.swift; path = RequestsViewController.swift; sourceTree = "<group>"; };
		CEEC8B3C1EB2672300CC07C5 /* Request.storyboard */ = {isa = PBXFileReference; fileEncoding = 4; lastKnownFileType = file.storyboard; path = Request.storyboard; sourceTree = "<group>"; };
		CEEC8B3F1EB2781000CC07C5 /* UIImageView.swift */ = {isa = PBXFileReference; fileEncoding = 4; lastKnownFileType = sourcecode.swift; path = UIImageView.swift; sourceTree = "<group>"; };
		CEEC8B411EB2898100CC07C5 /* RequestDetailTableViewCell.swift */ = {isa = PBXFileReference; fileEncoding = 4; lastKnownFileType = sourcecode.swift; path = RequestDetailTableViewCell.swift; sourceTree = "<group>"; };
		CEEC8B431EB28BAB00CC07C5 /* AddRequestViewController.swift */ = {isa = PBXFileReference; fileEncoding = 4; lastKnownFileType = sourcecode.swift; path = AddRequestViewController.swift; sourceTree = "<group>"; };
		CEEC8B451EB296E200CC07C5 /* MultiSelectViewController.swift */ = {isa = PBXFileReference; fileEncoding = 4; lastKnownFileType = sourcecode.swift; path = MultiSelectViewController.swift; sourceTree = "<group>"; };
		CEF1A2431EB4631700EBC0A4 /* Request.swift */ = {isa = PBXFileReference; fileEncoding = 4; lastKnownFileType = sourcecode.swift; path = Request.swift; sourceTree = "<group>"; };
		CEF1A2451EB4649000EBC0A4 /* Group.swift */ = {isa = PBXFileReference; fileEncoding = 4; lastKnownFileType = sourcecode.swift; path = Group.swift; sourceTree = "<group>"; };
		DD527D991A1CA34B157370BD /* Pods-PetPal.debug.xcconfig */ = {isa = PBXFileReference; includeInIndex = 1; lastKnownFileType = text.xcconfig; name = "Pods-PetPal.debug.xcconfig"; path = "Pods/Target Support Files/Pods-PetPal/Pods-PetPal.debug.xcconfig"; sourceTree = "<group>"; };
/* End PBXFileReference section */

/* Begin PBXFrameworksBuildPhase section */
		99F9DA991EAC016B00878886 /* Frameworks */ = {
			isa = PBXFrameworksBuildPhase;
			buildActionMask = 2147483647;
			files = (
				A5F966481EBA6324001D072B /* MapKit.framework in Frameworks */,
				0C4ACE878B558D300C83B94E /* Pods_PetPal.framework in Frameworks */,
			);
			runOnlyForDeploymentPostprocessing = 0;
		};
/* End PBXFrameworksBuildPhase section */

/* Begin PBXGroup section */
		992D9C631EB3D87100668001 /* API */ = {
			isa = PBXGroup;
			children = (
				992D9C641EB3D90C00668001 /* PetPalAPIClient.swift */,
			);
			name = API;
			sourceTree = "<group>";
		};
		992D9C661EB3D9E600668001 /* Models */ = {
			isa = PBXGroup;
			children = (
				992D9C671EB3D9FF00668001 /* User.swift */,
				CEF1A2431EB4631700EBC0A4 /* Request.swift */,
				CEF1A2451EB4649000EBC0A4 /* Group.swift */,
				A50A9C2A1EBD289B000A1394 /* Messages.swift */,
			);
			name = Models;
			sourceTree = "<group>";
		};
		99F9DA931EAC016B00878886 = {
			isa = PBXGroup;
			children = (
				CEBA9AC71EB6FEFC00CB846C /* README.md */,
				CEBA9AC91EB702D000CB846C /* PetPalSprint1.gif */,
				99F9DA9E1EAC016B00878886 /* PetPal */,
				99F9DA9D1EAC016B00878886 /* Products */,
				DE13AC39A6C3E023FF7ABC7B /* Pods */,
				B5C96A47C1FD150BAA8A221B /* Frameworks */,
			);
			sourceTree = "<group>";
		};
		99F9DA9D1EAC016B00878886 /* Products */ = {
			isa = PBXGroup;
			children = (
				99F9DA9C1EAC016B00878886 /* PetPal.app */,
			);
			name = Products;
			sourceTree = "<group>";
		};
		99F9DA9E1EAC016B00878886 /* PetPal */ = {
			isa = PBXGroup;
			children = (
				CEEC8B3E1EB277A700CC07C5 /* Helpers */,
				992D9C661EB3D9E600668001 /* Models */,
				992D9C631EB3D87100668001 /* API */,
				CEEC8B351EB1323200CC07C5 /* Views */,
				CEEC8B341EB1322A00CC07C5 /* View Controllers */,
				99F9DA9F1EAC016B00878886 /* AppDelegate.swift */,
				9942553F1EB66DDC0039BE4B /* Profile.storyboard */,
				A5F966411EB92B3C001D072B /* Main.storyboard */,
				CEEC8B3C1EB2672300CC07C5 /* Request.storyboard */,
				99F9DAA61EAC016B00878886 /* Assets.xcassets */,
				99F9DAA81EAC016B00878886 /* LaunchScreen.storyboard */,
				99F9DAAB1EAC016B00878886 /* Info.plist */,
			);
			path = PetPal;
			sourceTree = "<group>";
		};
		B5C96A47C1FD150BAA8A221B /* Frameworks */ = {
			isa = PBXGroup;
			children = (
				A5F966471EBA6324001D072B /* MapKit.framework */,
				4A160AF67740E2B4AF34C905 /* Pods_PetPal.framework */,
			);
			name = Frameworks;
			sourceTree = "<group>";
		};
		CEEC8B341EB1322A00CC07C5 /* View Controllers */ = {
			isa = PBXGroup;
			children = (
				994255401EB66DDC0039BE4B /* ProfileViewController.swift */,
				CEEC8B361EB1324100CC07C5 /* MenuViewController.swift */,
				CEEC8B371EB1324100CC07C5 /* HamburgerViewController.swift */,
				A5F966091EB1797A001D072B /* ChatViewController.swift */,
				A5F9662F1EB292FF001D072B /* LoginViewController.swift */,
				992D9C691EB3EAD700668001 /* SignUpViewController.swift */,
				A5F966311EB46948001D072B /* WelcomeViewController.swift */,
				CEEC8B3A1EB138D600CC07C5 /* RequestsViewController.swift */,
				CEEC8B431EB28BAB00CC07C5 /* AddRequestViewController.swift */,
				CEEC8B451EB296E200CC07C5 /* MultiSelectViewController.swift */,
				CEBA9ACD1EBA636A00CB846C /* DateSelectViewController.swift */,
				A5F966371EB5998B001D072B /* GroupViewController.swift */,
				A5F9663F1EB90619001D072B /* NewGroupViewController.swift */,
				A5F966451EBA62E7001D072B /* nearbyGroupsViewController.swift */,
				A50A9C281EBCF81B000A1394 /* MessagesViewController.swift */,
			);
			name = "View Controllers";
			sourceTree = "<group>";
		};
		CEEC8B351EB1323200CC07C5 /* Views */ = {
			isa = PBXGroup;
			children = (
				CEBA9ACF1EBA671700CB846C /* CustomDateCell.swift */,
				CEEC8B411EB2898100CC07C5 /* RequestDetailTableViewCell.swift */,
				CEBA9ACB1EB8F3F300CB846C /* MenuItemCollectionViewCell.swift */,
				A5F9663D1EB66A63001D072B /* ChatCell.swift */,
				A50A9C2C1EBD36D7000A1394 /* MessagesCell.swift */,
			);
			name = Views;
			sourceTree = "<group>";
		};
		CEEC8B3E1EB277A700CC07C5 /* Helpers */ = {
			isa = PBXGroup;
			children = (
				CEEC8B3F1EB2781000CC07C5 /* UIImageView.swift */,
				A5F966391EB59DE5001D072B /* Utilities.swift */,
				99D74BC31EB7EFA100CAB24C /* UITextField.swift */,
				CEBA9AD31EBB074E00CB846C /* UIColor.swift */,
			);
			name = Helpers;
			sourceTree = "<group>";
		};
		DE13AC39A6C3E023FF7ABC7B /* Pods */ = {
			isa = PBXGroup;
			children = (
				DD527D991A1CA34B157370BD /* Pods-PetPal.debug.xcconfig */,
				95292EC65A459922D4166FF5 /* Pods-PetPal.release.xcconfig */,
			);
			name = Pods;
			sourceTree = "<group>";
		};
/* End PBXGroup section */

/* Begin PBXNativeTarget section */
		99F9DA9B1EAC016B00878886 /* PetPal */ = {
			isa = PBXNativeTarget;
			buildConfigurationList = 99F9DAAE1EAC016B00878886 /* Build configuration list for PBXNativeTarget "PetPal" */;
			buildPhases = (
				98E18B4E39DCF9EA9740854C /* [CP] Check Pods Manifest.lock */,
				99F9DA981EAC016B00878886 /* Sources */,
				99F9DA991EAC016B00878886 /* Frameworks */,
				99F9DA9A1EAC016B00878886 /* Resources */,
				6411958AF407BBC897E1E047 /* [CP] Embed Pods Frameworks */,
				07FC22BB71CF12F7911E62AF /* [CP] Copy Pods Resources */,
			);
			buildRules = (
			);
			dependencies = (
			);
			name = PetPal;
			productName = PetPal;
			productReference = 99F9DA9C1EAC016B00878886 /* PetPal.app */;
			productType = "com.apple.product-type.application";
		};
/* End PBXNativeTarget section */

/* Begin PBXProject section */
		99F9DA941EAC016B00878886 /* Project object */ = {
			isa = PBXProject;
			attributes = {
				LastSwiftUpdateCheck = 0820;
				LastUpgradeCheck = 0820;
				ORGANIZATIONNAME = PetPal;
				TargetAttributes = {
					99F9DA9B1EAC016B00878886 = {
						CreatedOnToolsVersion = 8.2.1;
						DevelopmentTeam = T8EV243LZA;
						ProvisioningStyle = Automatic;
					};
				};
			};
			buildConfigurationList = 99F9DA971EAC016B00878886 /* Build configuration list for PBXProject "PetPal" */;
			compatibilityVersion = "Xcode 3.2";
			developmentRegion = English;
			hasScannedForEncodings = 0;
			knownRegions = (
				en,
				Base,
			);
			mainGroup = 99F9DA931EAC016B00878886;
			productRefGroup = 99F9DA9D1EAC016B00878886 /* Products */;
			projectDirPath = "";
			projectRoot = "";
			targets = (
				99F9DA9B1EAC016B00878886 /* PetPal */,
			);
		};
/* End PBXProject section */

/* Begin PBXResourcesBuildPhase section */
		99F9DA9A1EAC016B00878886 /* Resources */ = {
			isa = PBXResourcesBuildPhase;
			buildActionMask = 2147483647;
			files = (
				99F9DAAA1EAC016B00878886 /* LaunchScreen.storyboard in Resources */,
				99F9DAA71EAC016B00878886 /* Assets.xcassets in Resources */,
				CEBA9ACA1EB702D000CB846C /* PetPalSprint1.gif in Resources */,
				A5F966421EB92B3C001D072B /* Main.storyboard in Resources */,
				994255411EB66DDC0039BE4B /* Profile.storyboard in Resources */,
				CEEC8B3D1EB2672300CC07C5 /* Request.storyboard in Resources */,
			);
			runOnlyForDeploymentPostprocessing = 0;
		};
/* End PBXResourcesBuildPhase section */

/* Begin PBXShellScriptBuildPhase section */
		07FC22BB71CF12F7911E62AF /* [CP] Copy Pods Resources */ = {
			isa = PBXShellScriptBuildPhase;
			buildActionMask = 2147483647;
			files = (
			);
			inputPaths = (
			);
			name = "[CP] Copy Pods Resources";
			outputPaths = (
			);
			runOnlyForDeploymentPostprocessing = 0;
			shellPath = /bin/sh;
			shellScript = "\"${SRCROOT}/Pods/Target Support Files/Pods-PetPal/Pods-PetPal-resources.sh\"\n";
			showEnvVarsInLog = 0;
		};
		6411958AF407BBC897E1E047 /* [CP] Embed Pods Frameworks */ = {
			isa = PBXShellScriptBuildPhase;
			buildActionMask = 2147483647;
			files = (
			);
			inputPaths = (
			);
			name = "[CP] Embed Pods Frameworks";
			outputPaths = (
			);
			runOnlyForDeploymentPostprocessing = 0;
			shellPath = /bin/sh;
			shellScript = "\"${SRCROOT}/Pods/Target Support Files/Pods-PetPal/Pods-PetPal-frameworks.sh\"\n";
			showEnvVarsInLog = 0;
		};
		98E18B4E39DCF9EA9740854C /* [CP] Check Pods Manifest.lock */ = {
			isa = PBXShellScriptBuildPhase;
			buildActionMask = 2147483647;
			files = (
			);
			inputPaths = (
			);
			name = "[CP] Check Pods Manifest.lock";
			outputPaths = (
			);
			runOnlyForDeploymentPostprocessing = 0;
			shellPath = /bin/sh;
			shellScript = "diff \"${PODS_PODFILE_DIR_PATH}/Podfile.lock\" \"${PODS_ROOT}/Manifest.lock\" > /dev/null\nif [ $? != 0 ] ; then\n    # print error to STDERR\n    echo \"error: The sandbox is not in sync with the Podfile.lock. Run 'pod install' or update your CocoaPods installation.\" >&2\n    exit 1\nfi\n";
			showEnvVarsInLog = 0;
		};
/* End PBXShellScriptBuildPhase section */

/* Begin PBXSourcesBuildPhase section */
		99F9DA981EAC016B00878886 /* Sources */ = {
			isa = PBXSourcesBuildPhase;
			buildActionMask = 2147483647;
			files = (
				A5F966401EB90619001D072B /* NewGroupViewController.swift in Sources */,
				CEBA9AD41EBB074E00CB846C /* UIColor.swift in Sources */,
				992D9C651EB3D90C00668001 /* PetPalAPIClient.swift in Sources */,
				A5F966461EBA62E7001D072B /* nearbyGroupsViewController.swift in Sources */,
				A5F966321EB46948001D072B /* WelcomeViewController.swift in Sources */,
				A50A9C2D1EBD36D7000A1394 /* MessagesCell.swift in Sources */,
				A5F966301EB292FF001D072B /* LoginViewController.swift in Sources */,
				CEBA9AD01EBA671700CB846C /* CustomDateCell.swift in Sources */,
				A50A9C2B1EBD289B000A1394 /* Messages.swift in Sources */,
				99D74BC41EB7EFA100CAB24C /* UITextField.swift in Sources */,
				CEBA9AC81EB6FEFC00CB846C /* README.md in Sources */,
				A5F9663E1EB66A63001D072B /* ChatCell.swift in Sources */,
				CEEC8B3B1EB138D600CC07C5 /* RequestsViewController.swift in Sources */,
				CEBA9ACE1EBA636A00CB846C /* DateSelectViewController.swift in Sources */,
				CEF1A2461EB4649000EBC0A4 /* Group.swift in Sources */,
				CEBA9ACC1EB8F3F300CB846C /* MenuItemCollectionViewCell.swift in Sources */,
				CEEC8B441EB28BAB00CC07C5 /* AddRequestViewController.swift in Sources */,
				A5F966381EB5998B001D072B /* GroupViewController.swift in Sources */,
				A5F9663A1EB59DE5001D072B /* Utilities.swift in Sources */,
				CEEC8B401EB2781000CC07C5 /* UIImageView.swift in Sources */,
				994255421EB66DDC0039BE4B /* ProfileViewController.swift in Sources */,
				A50A9C291EBCF81B000A1394 /* MessagesViewController.swift in Sources */,
				CEEC8B421EB2898100CC07C5 /* RequestDetailTableViewCell.swift in Sources */,
				CEEC8B461EB296E200CC07C5 /* MultiSelectViewController.swift in Sources */,
				CEEC8B391EB1324100CC07C5 /* HamburgerViewController.swift in Sources */,
				992D9C681EB3D9FF00668001 /* User.swift in Sources */,
				CEEC8B381EB1324100CC07C5 /* MenuViewController.swift in Sources */,
				992D9C6A1EB3EAD700668001 /* SignUpViewController.swift in Sources */,
				CEF1A2441EB4631700EBC0A4 /* Request.swift in Sources */,
				A5F9660A1EB1797A001D072B /* ChatViewController.swift in Sources */,
				99F9DAA01EAC016B00878886 /* AppDelegate.swift in Sources */,
			);
			runOnlyForDeploymentPostprocessing = 0;
		};
/* End PBXSourcesBuildPhase section */

/* Begin PBXVariantGroup section */
		99F9DAA81EAC016B00878886 /* LaunchScreen.storyboard */ = {
			isa = PBXVariantGroup;
			children = (
				99F9DAA91EAC016B00878886 /* Base */,
			);
			name = LaunchScreen.storyboard;
			sourceTree = "<group>";
		};
/* End PBXVariantGroup section */

/* Begin XCBuildConfiguration section */
		99F9DAAC1EAC016B00878886 /* Debug */ = {
			isa = XCBuildConfiguration;
			buildSettings = {
				ALWAYS_SEARCH_USER_PATHS = NO;
				CLANG_ANALYZER_NONNULL = YES;
				CLANG_CXX_LANGUAGE_STANDARD = "gnu++0x";
				CLANG_CXX_LIBRARY = "libc++";
				CLANG_ENABLE_MODULES = YES;
				CLANG_ENABLE_OBJC_ARC = YES;
				CLANG_WARN_BOOL_CONVERSION = YES;
				CLANG_WARN_CONSTANT_CONVERSION = YES;
				CLANG_WARN_DIRECT_OBJC_ISA_USAGE = YES_ERROR;
				CLANG_WARN_DOCUMENTATION_COMMENTS = YES;
				CLANG_WARN_EMPTY_BODY = YES;
				CLANG_WARN_ENUM_CONVERSION = YES;
				CLANG_WARN_INFINITE_RECURSION = YES;
				CLANG_WARN_INT_CONVERSION = YES;
				CLANG_WARN_OBJC_ROOT_CLASS = YES_ERROR;
				CLANG_WARN_SUSPICIOUS_MOVE = YES;
				CLANG_WARN_UNREACHABLE_CODE = YES;
				CLANG_WARN__DUPLICATE_METHOD_MATCH = YES;
				"CODE_SIGN_IDENTITY[sdk=iphoneos*]" = "iPhone Developer";
				COPY_PHASE_STRIP = NO;
				DEBUG_INFORMATION_FORMAT = dwarf;
				ENABLE_STRICT_OBJC_MSGSEND = YES;
				ENABLE_TESTABILITY = YES;
				GCC_C_LANGUAGE_STANDARD = gnu99;
				GCC_DYNAMIC_NO_PIC = NO;
				GCC_NO_COMMON_BLOCKS = YES;
				GCC_OPTIMIZATION_LEVEL = 0;
				GCC_PREPROCESSOR_DEFINITIONS = (
					"DEBUG=1",
					"$(inherited)",
				);
				GCC_WARN_64_TO_32_BIT_CONVERSION = YES;
				GCC_WARN_ABOUT_RETURN_TYPE = YES_ERROR;
				GCC_WARN_UNDECLARED_SELECTOR = YES;
				GCC_WARN_UNINITIALIZED_AUTOS = YES_AGGRESSIVE;
				GCC_WARN_UNUSED_FUNCTION = YES;
				GCC_WARN_UNUSED_VARIABLE = YES;
				IPHONEOS_DEPLOYMENT_TARGET = 10.2;
				MTL_ENABLE_DEBUG_INFO = YES;
				ONLY_ACTIVE_ARCH = YES;
				SDKROOT = iphoneos;
				SWIFT_ACTIVE_COMPILATION_CONDITIONS = DEBUG;
				SWIFT_OPTIMIZATION_LEVEL = "-Onone";
			};
			name = Debug;
		};
		99F9DAAD1EAC016B00878886 /* Release */ = {
			isa = XCBuildConfiguration;
			buildSettings = {
				ALWAYS_SEARCH_USER_PATHS = NO;
				CLANG_ANALYZER_NONNULL = YES;
				CLANG_CXX_LANGUAGE_STANDARD = "gnu++0x";
				CLANG_CXX_LIBRARY = "libc++";
				CLANG_ENABLE_MODULES = YES;
				CLANG_ENABLE_OBJC_ARC = YES;
				CLANG_WARN_BOOL_CONVERSION = YES;
				CLANG_WARN_CONSTANT_CONVERSION = YES;
				CLANG_WARN_DIRECT_OBJC_ISA_USAGE = YES_ERROR;
				CLANG_WARN_DOCUMENTATION_COMMENTS = YES;
				CLANG_WARN_EMPTY_BODY = YES;
				CLANG_WARN_ENUM_CONVERSION = YES;
				CLANG_WARN_INFINITE_RECURSION = YES;
				CLANG_WARN_INT_CONVERSION = YES;
				CLANG_WARN_OBJC_ROOT_CLASS = YES_ERROR;
				CLANG_WARN_SUSPICIOUS_MOVE = YES;
				CLANG_WARN_UNREACHABLE_CODE = YES;
				CLANG_WARN__DUPLICATE_METHOD_MATCH = YES;
				"CODE_SIGN_IDENTITY[sdk=iphoneos*]" = "iPhone Developer";
				COPY_PHASE_STRIP = NO;
				DEBUG_INFORMATION_FORMAT = "dwarf-with-dsym";
				ENABLE_NS_ASSERTIONS = NO;
				ENABLE_STRICT_OBJC_MSGSEND = YES;
				GCC_C_LANGUAGE_STANDARD = gnu99;
				GCC_NO_COMMON_BLOCKS = YES;
				GCC_WARN_64_TO_32_BIT_CONVERSION = YES;
				GCC_WARN_ABOUT_RETURN_TYPE = YES_ERROR;
				GCC_WARN_UNDECLARED_SELECTOR = YES;
				GCC_WARN_UNINITIALIZED_AUTOS = YES_AGGRESSIVE;
				GCC_WARN_UNUSED_FUNCTION = YES;
				GCC_WARN_UNUSED_VARIABLE = YES;
				IPHONEOS_DEPLOYMENT_TARGET = 10.2;
				MTL_ENABLE_DEBUG_INFO = NO;
				SDKROOT = iphoneos;
				SWIFT_OPTIMIZATION_LEVEL = "-Owholemodule";
				VALIDATE_PRODUCT = YES;
			};
			name = Release;
		};
		99F9DAAF1EAC016B00878886 /* Debug */ = {
			isa = XCBuildConfiguration;
			baseConfigurationReference = DD527D991A1CA34B157370BD /* Pods-PetPal.debug.xcconfig */;
			buildSettings = {
				ASSETCATALOG_COMPILER_APPICON_NAME = AppIcon;
				DEVELOPMENT_TEAM = T8EV243LZA;
				INFOPLIST_FILE = PetPal/Info.plist;
				LD_RUNPATH_SEARCH_PATHS = "$(inherited) @executable_path/Frameworks";
				PRODUCT_BUNDLE_IDENTIFIER = com.petpal.PetPal;
				PRODUCT_NAME = "$(TARGET_NAME)";
				SWIFT_VERSION = 3.0;
			};
			name = Debug;
		};
		99F9DAB01EAC016B00878886 /* Release */ = {
			isa = XCBuildConfiguration;
			baseConfigurationReference = 95292EC65A459922D4166FF5 /* Pods-PetPal.release.xcconfig */;
			buildSettings = {
				ASSETCATALOG_COMPILER_APPICON_NAME = AppIcon;
				DEVELOPMENT_TEAM = T8EV243LZA;
				INFOPLIST_FILE = PetPal/Info.plist;
				LD_RUNPATH_SEARCH_PATHS = "$(inherited) @executable_path/Frameworks";
				PRODUCT_BUNDLE_IDENTIFIER = com.petpal.PetPal;
				PRODUCT_NAME = "$(TARGET_NAME)";
				SWIFT_VERSION = 3.0;
			};
			name = Release;
		};
/* End XCBuildConfiguration section */

/* Begin XCConfigurationList section */
		99F9DA971EAC016B00878886 /* Build configuration list for PBXProject "PetPal" */ = {
			isa = XCConfigurationList;
			buildConfigurations = (
				99F9DAAC1EAC016B00878886 /* Debug */,
				99F9DAAD1EAC016B00878886 /* Release */,
			);
			defaultConfigurationIsVisible = 0;
			defaultConfigurationName = Release;
		};
		99F9DAAE1EAC016B00878886 /* Build configuration list for PBXNativeTarget "PetPal" */ = {
			isa = XCConfigurationList;
			buildConfigurations = (
				99F9DAAF1EAC016B00878886 /* Debug */,
				99F9DAB01EAC016B00878886 /* Release */,
			);
			defaultConfigurationIsVisible = 0;
			defaultConfigurationName = Release;
		};
/* End XCConfigurationList section */
	};
	rootObject = 99F9DA941EAC016B00878886 /* Project object */;
}
